Microsoft Visual Studio Solution File, Format Version 12.00
# Visual Studio Version 17
VisualStudioVersion = 17.5.2.0
MinimumVisualStudioVersion = 10.0.40219.1
Project("{FAE04EC0-301F-11D3-BF4B-00C04F79EFBC}") = "Example.Api", "Example.Api\Example.Api.csproj", "{32B37E8F-FF9F-6A29-B8BA-C33974B177E7}"
EndProject
Global
	GlobalSection(SolutionConfigurationPlatforms) = preSolution
		Debug|Any CPU = Debug|Any CPU
		Release|Any CPU = Release|Any CPU
	EndGlobalSection
	GlobalSection(ProjectConfigurationPlatforms) = postSolution
		{32B37E8F-FF9F-6A29-B8BA-C33974B177E7}.Debug|Any CPU.ActiveCfg = Debug|Any CPU
		{32B37E8F-FF9F-6A29-B8BA-C33974B177E7}.Debug|Any CPU.Build.0 = Debug|Any CPU
		{32B37E8F-FF9F-6A29-B8BA-C33974B177E7}.Release|Any CPU.ActiveCfg = Release|Any CPU
		{32B37E8F-FF9F-6A29-B8BA-C33974B177E7}.Release|Any CPU.Build.0 = Release|Any CPU
	EndGlobalSection
	GlobalSection(SolutionProperties) = preSolution
		HideSolutionNode = FALSE
	EndGlobalSection
	GlobalSection(ExtensibilityGlobals) = postSolution
		SolutionGuid = {E11E665F-770D-4582-A33B-5E1BE5687565}
	EndGlobalSection
EndGlobal
